
Microsoft Visual Studio Solution File, Format Version 12.00
# Visual Studio 2013
VisualStudioVersion = 12.0.31101.0
MinimumVisualStudioVersion = 10.0.40219.1
Project("{FAE04EC0-301F-11D3-BF4B-00C04F79EFBC}") = "MA.Limits", "MA.Limits\MA.Limits.csproj", "{CF91054C-714E-4C21-A580-0839C3B3DC37}"
EndProject
Project("{FAE04EC0-301F-11D3-BF4B-00C04F79EFBC}") = "MA.Limits.Tests", "MA.Limits.Tests\MA.Limits.Tests.csproj", "{CA88C875-87DF-47D0-9FBD-8DB734D58994}"
EndProject
Global
	GlobalSection(SolutionConfigurationPlatforms) = preSolution
		Debug|Any CPU = Debug|Any CPU
		Release|Any CPU = Release|Any CPU
	EndGlobalSection
	GlobalSection(ProjectConfigurationPlatforms) = postSolution
		{CF91054C-714E-4C21-A580-0839C3B3DC37}.Debug|Any CPU.ActiveCfg = Debug|Any CPU
		{CF91054C-714E-4C21-A580-0839C3B3DC37}.Debug|Any CPU.Build.0 = Debug|Any CPU
		{CF91054C-714E-4C21-A580-0839C3B3DC37}.Release|Any CPU.ActiveCfg = Release|Any CPU
		{CF91054C-714E-4C21-A580-0839C3B3DC37}.Release|Any CPU.Build.0 = Release|Any CPU
		{CA88C875-87DF-47D0-9FBD-8DB734D58994}.Debug|Any CPU.ActiveCfg = Debug|Any CPU
		{CA88C875-87DF-47D0-9FBD-8DB734D58994}.Debug|Any CPU.Build.0 = Debug|Any CPU
		{CA88C875-87DF-47D0-9FBD-8DB734D58994}.Release|Any CPU.ActiveCfg = Release|Any CPU
		{CA88C875-87DF-47D0-9FBD-8DB734D58994}.Release|Any CPU.Build.0 = Release|Any CPU
	EndGlobalSection
	GlobalSection(SolutionProperties) = preSolution
		HideSolutionNode = FALSE
	EndGlobalSection
EndGlobal
